// !$*UTF8*$!
{
	archiveVersion = 1;
	classes = {
	};
	objectVersion = 46;
	objects = {

/* Begin PBXBuildFile section */
		79CD6C771E30A0D90028C5F1 /* AppDelegate.swift in Sources */ = {isa = PBXBuildFile; fileRef = 79CD6C761E30A0D90028C5F1 /* AppDelegate.swift */; };
		79CD6C791E30A0D90028C5F1 /* ViewController.swift in Sources */ = {isa = PBXBuildFile; fileRef = 79CD6C781E30A0D90028C5F1 /* ViewController.swift */; };
		79CD6C7C1E30A0D90028C5F1 /* Main.storyboard in Resources */ = {isa = PBXBuildFile; fileRef = 79CD6C7A1E30A0D90028C5F1 /* Main.storyboard */; };
		79CD6C7F1E30A0D90028C5F1 /* pulz.xcdatamodeld in Sources */ = {isa = PBXBuildFile; fileRef = 79CD6C7D1E30A0D90028C5F1 /* pulz.xcdatamodeld */; };
		79CD6C811E30A0D90028C5F1 /* Assets.xcassets in Resources */ = {isa = PBXBuildFile; fileRef = 79CD6C801E30A0D90028C5F1 /* Assets.xcassets */; };
		79CD6C841E30A0D90028C5F1 /* LaunchScreen.storyboard in Resources */ = {isa = PBXBuildFile; fileRef = 79CD6C821E30A0D90028C5F1 /* LaunchScreen.storyboard */; };
		79CD6C8F1E30A0D90028C5F1 /* pulzTests.swift in Sources */ = {isa = PBXBuildFile; fileRef = 79CD6C8E1E30A0D90028C5F1 /* pulzTests.swift */; };
		79CD6C9A1E30A0D90028C5F1 /* pulzUITests.swift in Sources */ = {isa = PBXBuildFile; fileRef = 79CD6C991E30A0D90028C5F1 /* pulzUITests.swift */; };
/* End PBXBuildFile section */

/* Begin PBXContainerItemProxy section */
		79CD6C8B1E30A0D90028C5F1 /* PBXContainerItemProxy */ = {
			isa = PBXContainerItemProxy;
			containerPortal = 79CD6C6B1E30A0D90028C5F1 /* Project object */;
			proxyType = 1;
			remoteGlobalIDString = 79CD6C721E30A0D90028C5F1;
			remoteInfo = pulz;
		};
		79CD6C961E30A0D90028C5F1 /* PBXContainerItemProxy */ = {
			isa = PBXContainerItemProxy;
			containerPortal = 79CD6C6B1E30A0D90028C5F1 /* Project object */;
			proxyType = 1;
			remoteGlobalIDString = 79CD6C721E30A0D90028C5F1;
			remoteInfo = pulz;
		};
/* End PBXContainerItemProxy section */

/* Begin PBXFileReference section */
		79CD6C731E30A0D90028C5F1 /* pulz.app */ = {isa = PBXFileReference; explicitFileType = wrapper.application; includeInIndex = 0; path = pulz.app; sourceTree = BUILT_PRODUCTS_DIR; };
		79CD6C761E30A0D90028C5F1 /* AppDelegate.swift */ = {isa = PBXFileReference; lastKnownFileType = sourcecode.swift; path = AppDelegate.swift; sourceTree = "<group>"; };
		79CD6C781E30A0D90028C5F1 /* ViewController.swift */ = {isa = PBXFileReference; lastKnownFileType = sourcecode.swift; path = ViewController.swift; sourceTree = "<group>"; };
		79CD6C7B1E30A0D90028C5F1 /* Base */ = {isa = PBXFileReference; lastKnownFileType = file.storyboard; name = Base; path = Base.lproj/Main.storyboard; sourceTree = "<group>"; };
		79CD6C7E1E30A0D90028C5F1 /* pulz.xcdatamodel */ = {isa = PBXFileReference; lastKnownFileType = wrapper.xcdatamodel; path = pulz.xcdatamodel; sourceTree = "<group>"; };
		79CD6C801E30A0D90028C5F1 /* Assets.xcassets */ = {isa = PBXFileReference; lastKnownFileType = folder.assetcatalog; path = Assets.xcassets; sourceTree = "<group>"; };
		79CD6C831E30A0D90028C5F1 /* Base */ = {isa = PBXFileReference; lastKnownFileType = file.storyboard; name = Base; path = Base.lproj/LaunchScreen.storyboard; sourceTree = "<group>"; };
		79CD6C851E30A0D90028C5F1 /* Info.plist */ = {isa = PBXFileReference; lastKnownFileType = text.plist.xml; path = Info.plist; sourceTree = "<group>"; };
		79CD6C8A1E30A0D90028C5F1 /* pulzTests.xctest */ = {isa = PBXFileReference; explicitFileType = wrapper.cfbundle; includeInIndex = 0; path = pulzTests.xctest; sourceTree = BUILT_PRODUCTS_DIR; };
		79CD6C8E1E30A0D90028C5F1 /* pulzTests.swift */ = {isa = PBXFileReference; lastKnownFileType = sourcecode.swift; path = pulzTests.swift; sourceTree = "<group>"; };
		79CD6C901E30A0D90028C5F1 /* Info.plist */ = {isa = PBXFileReference; lastKnownFileType = text.plist.xml; path = Info.plist; sourceTree = "<group>"; };
		79CD6C951E30A0D90028C5F1 /* pulzUITests.xctest */ = {isa = PBXFileReference; explicitFileType = wrapper.cfbundle; includeInIndex = 0; path = pulzUITests.xctest; sourceTree = BUILT_PRODUCTS_DIR; };
		79CD6C991E30A0D90028C5F1 /* pulzUITests.swift */ = {isa = PBXFileReference; lastKnownFileType = sourcecode.swift; path = pulzUITests.swift; sourceTree = "<group>"; };
		79CD6C9B1E30A0D90028C5F1 /* Info.plist */ = {isa = PBXFileReference; lastKnownFileType = text.plist.xml; path = Info.plist; sourceTree = "<group>"; };
/* End PBXFileReference section */

/* Begin PBXFrameworksBuildPhase section */
		79CD6C701E30A0D90028C5F1 /* Frameworks */ = {
			isa = PBXFrameworksBuildPhase;
			buildActionMask = 2147483647;
			files = (
			);
			runOnlyForDeploymentPostprocessing = 0;
		};
		79CD6C871E30A0D90028C5F1 /* Frameworks */ = {
			isa = PBXFrameworksBuildPhase;
			buildActionMask = 2147483647;
			files = (
			);
			runOnlyForDeploymentPostprocessing = 0;
		};
		79CD6C921E30A0D90028C5F1 /* Frameworks */ = {
			isa = PBXFrameworksBuildPhase;
			buildActionMask = 2147483647;
			files = (
			);
			runOnlyForDeploymentPostprocessing = 0;
		};
/* End PBXFrameworksBuildPhase section */

/* Begin PBXGroup section */
		79CD6C6A1E30A0D90028C5F1 = {
			isa = PBXGroup;
			children = (
				79CD6C751E30A0D90028C5F1 /* pulz */,
				79CD6C8D1E30A0D90028C5F1 /* pulzTests */,
				79CD6C981E30A0D90028C5F1 /* pulzUITests */,
				79CD6C741E30A0D90028C5F1 /* Products */,
			);
			sourceTree = "<group>";
		};
		79CD6C741E30A0D90028C5F1 /* Products */ = {
			isa = PBXGroup;
			children = (
				79CD6C731E30A0D90028C5F1 /* pulz.app */,
				79CD6C8A1E30A0D90028C5F1 /* pulzTests.xctest */,
				79CD6C951E30A0D90028C5F1 /* pulzUITests.xctest */,
			);
			name = Products;
			sourceTree = "<group>";
		};
		79CD6C751E30A0D90028C5F1 /* pulz */ = {
			isa = PBXGroup;
			children = (
				79CD6C761E30A0D90028C5F1 /* AppDelegate.swift */,
				79CD6C781E30A0D90028C5F1 /* ViewController.swift */,
				79CD6C7A1E30A0D90028C5F1 /* Main.storyboard */,
				79CD6C801E30A0D90028C5F1 /* Assets.xcassets */,
				79CD6C821E30A0D90028C5F1 /* LaunchScreen.storyboard */,
				79CD6C851E30A0D90028C5F1 /* Info.plist */,
				79CD6C7D1E30A0D90028C5F1 /* pulz.xcdatamodeld */,
			);
			path = pulz;
			sourceTree = "<group>";
		};
		79CD6C8D1E30A0D90028C5F1 /* pulzTests */ = {
			isa = PBXGroup;
			children = (
				79CD6C8E1E30A0D90028C5F1 /* pulzTests.swift */,
				79CD6C901E30A0D90028C5F1 /* Info.plist */,
			);
			path = pulzTests;
			sourceTree = "<group>";
		};
		79CD6C981E30A0D90028C5F1 /* pulzUITests */ = {
			isa = PBXGroup;
			children = (
				79CD6C991E30A0D90028C5F1 /* pulzUITests.swift */,
				79CD6C9B1E30A0D90028C5F1 /* Info.plist */,
			);
			path = pulzUITests;
			sourceTree = "<group>";
		};
/* End PBXGroup section */

/* Begin PBXNativeTarget section */
		79CD6C721E30A0D90028C5F1 /* pulz */ = {
			isa = PBXNativeTarget;
			buildConfigurationList = 79CD6C9E1E30A0D90028C5F1 /* Build configuration list for PBXNativeTarget "pulz" */;
			buildPhases = (
				79CD6C6F1E30A0D90028C5F1 /* Sources */,
				79CD6C701E30A0D90028C5F1 /* Frameworks */,
				79CD6C711E30A0D90028C5F1 /* Resources */,
			);
			buildRules = (
			);
			dependencies = (
			);
			name = pulz;
			productName = pulz;
			productReference = 79CD6C731E30A0D90028C5F1 /* pulz.app */;
			productType = "com.apple.product-type.application";
		};
		79CD6C891E30A0D90028C5F1 /* pulzTests */ = {
			isa = PBXNativeTarget;
			buildConfigurationList = 79CD6CA11E30A0D90028C5F1 /* Build configuration list for PBXNativeTarget "pulzTests" */;
			buildPhases = (
				79CD6C861E30A0D90028C5F1 /* Sources */,
				79CD6C871E30A0D90028C5F1 /* Frameworks */,
				79CD6C881E30A0D90028C5F1 /* Resources */,
			);
			buildRules = (
			);
			dependencies = (
				79CD6C8C1E30A0D90028C5F1 /* PBXTargetDependency */,
			);
			name = pulzTests;
			productName = pulzTests;
			productReference = 79CD6C8A1E30A0D90028C5F1 /* pulzTests.xctest */;
			productType = "com.apple.product-type.bundle.unit-test";
		};
		79CD6C941E30A0D90028C5F1 /* pulzUITests */ = {
			isa = PBXNativeTarget;
			buildConfigurationList = 79CD6CA41E30A0D90028C5F1 /* Build configuration list for PBXNativeTarget "pulzUITests" */;
			buildPhases = (
				79CD6C911E30A0D90028C5F1 /* Sources */,
				79CD6C921E30A0D90028C5F1 /* Frameworks */,
				79CD6C931E30A0D90028C5F1 /* Resources */,
			);
			buildRules = (
			);
			dependencies = (
				79CD6C971E30A0D90028C5F1 /* PBXTargetDependency */,
			);
			name = pulzUITests;
			productName = pulzUITests;
			productReference = 79CD6C951E30A0D90028C5F1 /* pulzUITests.xctest */;
			productType = "com.apple.product-type.bundle.ui-testing";
		};
/* End PBXNativeTarget section */

/* Begin PBXProject section */
		79CD6C6B1E30A0D90028C5F1 /* Project object */ = {
			isa = PBXProject;
			attributes = {
				LastSwiftUpdateCheck = 0820;
				LastUpgradeCheck = 0820;
				ORGANIZATIONNAME = steinwurf;
				TargetAttributes = {
					79CD6C721E30A0D90028C5F1 = {
						CreatedOnToolsVersion = 8.2.1;
						DevelopmentTeam = 9B3PSLND9S;
						ProvisioningStyle = Automatic;
					};
					79CD6C891E30A0D90028C5F1 = {
						CreatedOnToolsVersion = 8.2.1;
						DevelopmentTeam = 9B3PSLND9S;
						ProvisioningStyle = Automatic;
						TestTargetID = 79CD6C721E30A0D90028C5F1;
					};
					79CD6C941E30A0D90028C5F1 = {
						CreatedOnToolsVersion = 8.2.1;
						DevelopmentTeam = 9B3PSLND9S;
						ProvisioningStyle = Automatic;
						TestTargetID = 79CD6C721E30A0D90028C5F1;
					};
				};
			};
			buildConfigurationList = 79CD6C6E1E30A0D90028C5F1 /* Build configuration list for PBXProject "pulz" */;
			compatibilityVersion = "Xcode 3.2";
			developmentRegion = English;
			hasScannedForEncodings = 0;
			knownRegions = (
				en,
				Base,
			);
			mainGroup = 79CD6C6A1E30A0D90028C5F1;
			productRefGroup = 79CD6C741E30A0D90028C5F1 /* Products */;
			projectDirPath = "";
			projectRoot = "";
			targets = (
				79CD6C721E30A0D90028C5F1 /* pulz */,
				79CD6C891E30A0D90028C5F1 /* pulzTests */,
				79CD6C941E30A0D90028C5F1 /* pulzUITests */,
			);
		};
/* End PBXProject section */

/* Begin PBXResourcesBuildPhase section */
		79CD6C711E30A0D90028C5F1 /* Resources */ = {
			isa = PBXResourcesBuildPhase;
			buildActionMask = 2147483647;
			files = (
				79CD6C841E30A0D90028C5F1 /* LaunchScreen.storyboard in Resources */,
				79CD6C811E30A0D90028C5F1 /* Assets.xcassets in Resources */,
				79CD6C7C1E30A0D90028C5F1 /* Main.storyboard in Resources */,
			);
			runOnlyForDeploymentPostprocessing = 0;
		};
		79CD6C881E30A0D90028C5F1 /* Resources */ = {
			isa = PBXResourcesBuildPhase;
			buildActionMask = 2147483647;
			files = (
			);
			runOnlyForDeploymentPostprocessing = 0;
		};
		79CD6C931E30A0D90028C5F1 /* Resources */ = {
			isa = PBXResourcesBuildPhase;
			buildActionMask = 2147483647;
			files = (
			);
			runOnlyForDeploymentPostprocessing = 0;
		};
/* End PBXResourcesBuildPhase section */

/* Begin PBXSourcesBuildPhase section */
		79CD6C6F1E30A0D90028C5F1 /* Sources */ = {
			isa = PBXSourcesBuildPhase;
			buildActionMask = 2147483647;
			files = (
				79CD6C791E30A0D90028C5F1 /* ViewController.swift in Sources */,
				79CD6C771E30A0D90028C5F1 /* AppDelegate.swift in Sources */,
				79CD6C7F1E30A0D90028C5F1 /* pulz.xcdatamodeld in Sources */,
			);
			runOnlyForDeploymentPostprocessing = 0;
		};
		79CD6C861E30A0D90028C5F1 /* Sources */ = {
			isa = PBXSourcesBuildPhase;
			buildActionMask = 2147483647;
			files = (
				79CD6C8F1E30A0D90028C5F1 /* pulzTests.swift in Sources */,
			);
			runOnlyForDeploymentPostprocessing = 0;
		};
		79CD6C911E30A0D90028C5F1 /* Sources */ = {
			isa = PBXSourcesBuildPhase;
			buildActionMask = 2147483647;
			files = (
				79CD6C9A1E30A0D90028C5F1 /* pulzUITests.swift in Sources */,
			);
			runOnlyForDeploymentPostprocessing = 0;
		};
/* End PBXSourcesBuildPhase section */

/* Begin PBXTargetDependency section */
		79CD6C8C1E30A0D90028C5F1 /* PBXTargetDependency */ = {
			isa = PBXTargetDependency;
			target = 79CD6C721E30A0D90028C5F1 /* pulz */;
			targetProxy = 79CD6C8B1E30A0D90028C5F1 /* PBXContainerItemProxy */;
		};
		79CD6C971E30A0D90028C5F1 /* PBXTargetDependency */ = {
			isa = PBXTargetDependency;
			target = 79CD6C721E30A0D90028C5F1 /* pulz */;
			targetProxy = 79CD6C961E30A0D90028C5F1 /* PBXContainerItemProxy */;
		};
/* End PBXTargetDependency section */

/* Begin PBXVariantGroup section */
		79CD6C7A1E30A0D90028C5F1 /* Main.storyboard */ = {
			isa = PBXVariantGroup;
			children = (
				79CD6C7B1E30A0D90028C5F1 /* Base */,
			);
			name = Main.storyboard;
			sourceTree = "<group>";
		};
		79CD6C821E30A0D90028C5F1 /* LaunchScreen.storyboard */ = {
			isa = PBXVariantGroup;
			children = (
				79CD6C831E30A0D90028C5F1 /* Base */,
			);
			name = LaunchScreen.storyboard;
			sourceTree = "<group>";
		};
/* End PBXVariantGroup section */

/* Begin XCBuildConfiguration section */
		79CD6C9C1E30A0D90028C5F1 /* Debug */ = {
			isa = XCBuildConfiguration;
			buildSettings = {
				ALWAYS_SEARCH_USER_PATHS = NO;
				CLANG_ANALYZER_NONNULL = YES;
				CLANG_CXX_LANGUAGE_STANDARD = "gnu++0x";
				CLANG_CXX_LIBRARY = "libc++";
				CLANG_ENABLE_MODULES = YES;
				CLANG_ENABLE_OBJC_ARC = YES;
				CLANG_WARN_BOOL_CONVERSION = YES;
				CLANG_WARN_CONSTANT_CONVERSION = YES;
				CLANG_WARN_DIRECT_OBJC_ISA_USAGE = YES_ERROR;
				CLANG_WARN_DOCUMENTATION_COMMENTS = YES;
				CLANG_WARN_EMPTY_BODY = YES;
				CLANG_WARN_ENUM_CONVERSION = YES;
				CLANG_WARN_INFINITE_RECURSION = YES;
				CLANG_WARN_INT_CONVERSION = YES;
				CLANG_WARN_OBJC_ROOT_CLASS = YES_ERROR;
				CLANG_WARN_SUSPICIOUS_MOVE = YES;
				CLANG_WARN_UNREACHABLE_CODE = YES;
				CLANG_WARN__DUPLICATE_METHOD_MATCH = YES;
				"CODE_SIGN_IDENTITY[sdk=iphoneos*]" = "iPhone Developer";
				COPY_PHASE_STRIP = NO;
				DEBUG_INFORMATION_FORMAT = dwarf;
				ENABLE_STRICT_OBJC_MSGSEND = YES;
				ENABLE_TESTABILITY = YES;
				GCC_C_LANGUAGE_STANDARD = gnu99;
				GCC_DYNAMIC_NO_PIC = NO;
				GCC_NO_COMMON_BLOCKS = YES;
				GCC_OPTIMIZATION_LEVEL = 0;
				GCC_PREPROCESSOR_DEFINITIONS = (
					"DEBUG=1",
					"$(inherited)",
				);
				GCC_WARN_64_TO_32_BIT_CONVERSION = YES;
				GCC_WARN_ABOUT_RETURN_TYPE = YES_ERROR;
				GCC_WARN_UNDECLARED_SELECTOR = YES;
				GCC_WARN_UNINITIALIZED_AUTOS = YES_AGGRESSIVE;
				GCC_WARN_UNUSED_FUNCTION = YES;
				GCC_WARN_UNUSED_VARIABLE = YES;
				IPHONEOS_DEPLOYMENT_TARGET = 10.2;
				MTL_ENABLE_DEBUG_INFO = YES;
				ONLY_ACTIVE_ARCH = YES;
				SDKROOT = iphoneos;
				SWIFT_ACTIVE_COMPILATION_CONDITIONS = DEBUG;
				SWIFT_OPTIMIZATION_LEVEL = "-Onone";
				TARGETED_DEVICE_FAMILY = "1,2";
			};
			name = Debug;
		};
		79CD6C9D1E30A0D90028C5F1 /* Release */ = {
			isa = XCBuildConfiguration;
			buildSettings = {
				ALWAYS_SEARCH_USER_PATHS = NO;
				CLANG_ANALYZER_NONNULL = YES;
				CLANG_CXX_LANGUAGE_STANDARD = "gnu++0x";
				CLANG_CXX_LIBRARY = "libc++";
				CLANG_ENABLE_MODULES = YES;
				CLANG_ENABLE_OBJC_ARC = YES;
				CLANG_WARN_BOOL_CONVERSION = YES;
				CLANG_WARN_CONSTANT_CONVERSION = YES;
				CLANG_WARN_DIRECT_OBJC_ISA_USAGE = YES_ERROR;
				CLANG_WARN_DOCUMENTATION_COMMENTS = YES;
				CLANG_WARN_EMPTY_BODY = YES;
				CLANG_WARN_ENUM_CONVERSION = YES;
				CLANG_WARN_INFINITE_RECURSION = YES;
				CLANG_WARN_INT_CONVERSION = YES;
				CLANG_WARN_OBJC_ROOT_CLASS = YES_ERROR;
				CLANG_WARN_SUSPICIOUS_MOVE = YES;
				CLANG_WARN_UNREACHABLE_CODE = YES;
				CLANG_WARN__DUPLICATE_METHOD_MATCH = YES;
				"CODE_SIGN_IDENTITY[sdk=iphoneos*]" = "iPhone Developer";
				COPY_PHASE_STRIP = NO;
				DEBUG_INFORMATION_FORMAT = "dwarf-with-dsym";
				ENABLE_NS_ASSERTIONS = NO;
				ENABLE_STRICT_OBJC_MSGSEND = YES;
				GCC_C_LANGUAGE_STANDARD = gnu99;
				GCC_NO_COMMON_BLOCKS = YES;
				GCC_WARN_64_TO_32_BIT_CONVERSION = YES;
				GCC_WARN_ABOUT_RETURN_TYPE = YES_ERROR;
				GCC_WARN_UNDECLARED_SELECTOR = YES;
				GCC_WARN_UNINITIALIZED_AUTOS = YES_AGGRESSIVE;
				GCC_WARN_UNUSED_FUNCTION = YES;
				GCC_WARN_UNUSED_VARIABLE = YES;
				IPHONEOS_DEPLOYMENT_TARGET = 10.2;
				MTL_ENABLE_DEBUG_INFO = NO;
				SDKROOT = iphoneos;
				SWIFT_OPTIMIZATION_LEVEL = "-Owholemodule";
				TARGETED_DEVICE_FAMILY = "1,2";
				VALIDATE_PRODUCT = YES;
			};
			name = Release;
		};
		79CD6C9F1E30A0D90028C5F1 /* Debug */ = {
			isa = XCBuildConfiguration;
			buildSettings = {
				ASSETCATALOG_COMPILER_APPICON_NAME = AppIcon;
				DEVELOPMENT_TEAM = 9B3PSLND9S;
				INFOPLIST_FILE = pulz/Info.plist;
				LD_RUNPATH_SEARCH_PATHS = "$(inherited) @executable_path/Frameworks";
				PRODUCT_BUNDLE_IDENTIFIER = com.steinwurf.pulz;
				PRODUCT_NAME = "$(TARGET_NAME)";
				SWIFT_VERSION = 3.0;
			};
			name = Debug;
		};
		79CD6CA01E30A0D90028C5F1 /* Release */ = {
			isa = XCBuildConfiguration;
			buildSettings = {
				ASSETCATALOG_COMPILER_APPICON_NAME = AppIcon;
				DEVELOPMENT_TEAM = 9B3PSLND9S;
				INFOPLIST_FILE = pulz/Info.plist;
				LD_RUNPATH_SEARCH_PATHS = "$(inherited) @executable_path/Frameworks";
				PRODUCT_BUNDLE_IDENTIFIER = com.steinwurf.pulz;
				PRODUCT_NAME = "$(TARGET_NAME)";
				SWIFT_VERSION = 3.0;
			};
			name = Release;
		};
		79CD6CA21E30A0D90028C5F1 /* Debug */ = {
			isa = XCBuildConfiguration;
			buildSettings = {
				ALWAYS_EMBED_SWIFT_STANDARD_LIBRARIES = YES;
				BUNDLE_LOADER = "$(TEST_HOST)";
				DEVELOPMENT_TEAM = 9B3PSLND9S;
				INFOPLIST_FILE = pulzTests/Info.plist;
				LD_RUNPATH_SEARCH_PATHS = "$(inherited) @executable_path/Frameworks @loader_path/Frameworks";
				PRODUCT_BUNDLE_IDENTIFIER = com.steinwurf.pulzTests;
				PRODUCT_NAME = "$(TARGET_NAME)";
				SWIFT_VERSION = 3.0;
				TEST_HOST = "$(BUILT_PRODUCTS_DIR)/pulz.app/pulz";
			};
			name = Debug;
		};
		79CD6CA31E30A0D90028C5F1 /* Release */ = {
			isa = XCBuildConfiguration;
			buildSettings = {
				ALWAYS_EMBED_SWIFT_STANDARD_LIBRARIES = YES;
				BUNDLE_LOADER = "$(TEST_HOST)";
				DEVELOPMENT_TEAM = 9B3PSLND9S;
				INFOPLIST_FILE = pulzTests/Info.plist;
				LD_RUNPATH_SEARCH_PATHS = "$(inherited) @executable_path/Frameworks @loader_path/Frameworks";
				PRODUCT_BUNDLE_IDENTIFIER = com.steinwurf.pulzTests;
				PRODUCT_NAME = "$(TARGET_NAME)";
				SWIFT_VERSION = 3.0;
				TEST_HOST = "$(BUILT_PRODUCTS_DIR)/pulz.app/pulz";
			};
			name = Release;
		};
		79CD6CA51E30A0D90028C5F1 /* Debug */ = {
			isa = XCBuildConfiguration;
			buildSettings = {
				ALWAYS_EMBED_SWIFT_STANDARD_LIBRARIES = YES;
				DEVELOPMENT_TEAM = 9B3PSLND9S;
				INFOPLIST_FILE = pulzUITests/Info.plist;
				LD_RUNPATH_SEARCH_PATHS = "$(inherited) @executable_path/Frameworks @loader_path/Frameworks";
				PRODUCT_BUNDLE_IDENTIFIER = com.steinwurf.pulzUITests;
				PRODUCT_NAME = "$(TARGET_NAME)";
				SWIFT_VERSION = 3.0;
				TEST_TARGET_NAME = pulz;
			};
			name = Debug;
		};
		79CD6CA61E30A0D90028C5F1 /* Release */ = {
			isa = XCBuildConfiguration;
			buildSettings = {
				ALWAYS_EMBED_SWIFT_STANDARD_LIBRARIES = YES;
				DEVELOPMENT_TEAM = 9B3PSLND9S;
				INFOPLIST_FILE = pulzUITests/Info.plist;
				LD_RUNPATH_SEARCH_PATHS = "$(inherited) @executable_path/Frameworks @loader_path/Frameworks";
				PRODUCT_BUNDLE_IDENTIFIER = com.steinwurf.pulzUITests;
				PRODUCT_NAME = "$(TARGET_NAME)";
				SWIFT_VERSION = 3.0;
				TEST_TARGET_NAME = pulz;
			};
			name = Release;
		};
/* End XCBuildConfiguration section */

/* Begin XCConfigurationList section */
		79CD6C6E1E30A0D90028C5F1 /* Build configuration list for PBXProject "pulz" */ = {
			isa = XCConfigurationList;
			buildConfigurations = (
				79CD6C9C1E30A0D90028C5F1 /* Debug */,
				79CD6C9D1E30A0D90028C5F1 /* Release */,
			);
			defaultConfigurationIsVisible = 0;
			defaultConfigurationName = Release;
		};
		79CD6C9E1E30A0D90028C5F1 /* Build configuration list for PBXNativeTarget "pulz" */ = {
			isa = XCConfigurationList;
			buildConfigurations = (
				79CD6C9F1E30A0D90028C5F1 /* Debug */,
				79CD6CA01E30A0D90028C5F1 /* Release */,
			);
			defaultConfigurationIsVisible = 0;
		};
		79CD6CA11E30A0D90028C5F1 /* Build configuration list for PBXNativeTarget "pulzTests" */ = {
			isa = XCConfigurationList;
			buildConfigurations = (
				79CD6CA21E30A0D90028C5F1 /* Debug */,
				79CD6CA31E30A0D90028C5F1 /* Release */,
			);
			defaultConfigurationIsVisible = 0;
		};
		79CD6CA41E30A0D90028C5F1 /* Build configuration list for PBXNativeTarget "pulzUITests" */ = {
			isa = XCConfigurationList;
			buildConfigurations = (
				79CD6CA51E30A0D90028C5F1 /* Debug */,
				79CD6CA61E30A0D90028C5F1 /* Release */,
			);
			defaultConfigurationIsVisible = 0;
		};
/* End XCConfigurationList section */

/* Begin XCVersionGroup section */
		79CD6C7D1E30A0D90028C5F1 /* pulz.xcdatamodeld */ = {
			isa = XCVersionGroup;
			children = (
				79CD6C7E1E30A0D90028C5F1 /* pulz.xcdatamodel */,
			);
			currentVersion = 79CD6C7E1E30A0D90028C5F1 /* pulz.xcdatamodel */;
			path = pulz.xcdatamodeld;
			sourceTree = "<group>";
			versionGroupType = wrapper.xcdatamodel;
		};
/* End XCVersionGroup section */
	};
	rootObject = 79CD6C6B1E30A0D90028C5F1 /* Project object */;
}
